{
  "name": "Task-Scheduler-background",
  "version": "0.0.1",
  "lockfileVersion": 1,
  "requires": true,
  "dependencies": {
    "exports": {
      "version": "0.0.1",
      "resolved": "https://registry.npmjs.org/exports/-/exports-0.0.1.tgz",
      "integrity": "sha1-KRpbUVeBuwuhUkvsj/GlJCBBq00=",
      "requires": {
        "super": "0.1.0"
      }
    },
    "super": {
      "version": "0.1.0",
      "resolved": "https://registry.npmjs.org/super/-/super-0.1.0.tgz",
      "integrity": "sha1-DmdrtbPeUuoQa1QlJFYNNgnQZT8="
    }
  }
}
